{
  "name": "php-prettier-demo",
  "version": "1.0.0",
  "lockfileVersion": 1,
  "requires": true,
  "dependencies": {
    "@prettier/plugin-php": {
      "version": "0.16.0",
      "resolved": "https://registry.npm.taobao.org/@prettier/plugin-php/download/@prettier/plugin-php-0.16.0.tgz",
      "integrity": "sha1-220LNjv4Mm6yF18VG2/tNc2mNU0=",
      "dev": true,
      "requires": {
        "linguist-languages": "^7.5.1",
        "mem": "^8.0.0",
        "php-parser": "3.0.2"
      }
    },
    "linguist-languages": {
      "version": "7.12.1",
      "resolved": "https://registry.npm.taobao.org/linguist-languages/download/linguist-languages-7.12.1.tgz",
      "integrity": "sha1-v0ko8llTzj4ANpz5VqxNAWkj1V8=",
      "dev": true
    },
    "map-age-cleaner": {
      "version": "0.1.3",
      "resolved": "https://registry.npm.taobao.org/map-age-cleaner/download/map-age-cleaner-0.1.3.tgz",
      "integrity": "sha1-fVg6cwZDTAVf5HSw9FB45uG0uSo=",
      "dev": true,
      "requires": {
        "p-defer": "^1.0.0"
      }
    },
    "mem": {
      "version": "8.0.0",
      "resolved": "https://registry.npm.taobao.org/mem/download/mem-8.0.0.tgz",
      "integrity": "sha1-teS20tJBxiltoFQ2FztNDHrh+aw=",
      "dev": true,
      "requires": {
        "map-age-cleaner": "^0.1.3",
        "mimic-fn": "^3.1.0"
      }
    },
    "mimic-fn": {
      "version": "3.1.0",
      "resolved": "https://registry.npm.taobao.org/mimic-fn/download/mimic-fn-3.1.0.tgz?cache=0&sync_timestamp=1596095644798&other_urls=https%3A%2F%2Fregistry.npm.taobao.org%2Fmimic-fn%2Fdownload%2Fmimic-fn-3.1.0.tgz",
      "integrity": "sha1-ZXVRRbvz42lUuUnBZFBCdFHVynQ=",
      "dev": true
    },
    "p-defer": {
      "version": "1.0.0",
      "resolved": "https://registry.npm.taobao.org/p-defer/download/p-defer-1.0.0.tgz",
      "integrity": "sha1-n26xgvbJqozXQwBKfU+WsZaw+ww=",
      "dev": true
    },
    "php-parser": {
      "version": "3.0.2",
      "resolved": "https://registry.npm.taobao.org/php-parser/download/php-parser-3.0.2.tgz",
      "integrity": "sha1-qG27wRDlc3jLpxq0zZsNGPOHKsM=",
      "dev": true
    },
    "prettier": {
      "version": "2.2.0",
      "resolved": "https://registry.npm.taobao.org/prettier/download/prettier-2.2.0.tgz?cache=0&sync_timestamp=1605845801557&other_urls=https%3A%2F%2Fregistry.npm.taobao.org%2Fprettier%2Fdownload%2Fprettier-2.2.0.tgz",
      "integrity": "sha1-igPHd3iDsps3+yxDSMZqeOmAQYs=",
      "dev": true
    }
  }
}
